
Microsoft Visual Studio Solution File, Format Version 12.00
# Visual Studio Version 16
VisualStudioVersion = 16.0.30105.148
MinimumVisualStudioVersion = 10.0.40219.1
Project("{2150E333-8FDC-42A3-9474-1A3956D46DE8}") = "Docs", "Docs", "{B72DA635-F5A6-40E1-9F07-DF3F61E7F5B0}"
	ProjectSection(SolutionItems) = preProject
		Doc\files.png = Doc\files.png
		Doc\home.png = Doc\home.png
	EndProjectSection
EndProject
Project("{9A19103F-16F7-4668-BE54-9A1E7A4F7556}") = "ReactCore", "src\ReactCore.csproj", "{C716E08C-2496-4E1F-A527-4B479A05DE70}"
EndProject
Project("{FAE04EC0-301F-11D3-BF4B-00C04F79EFBC}") = "R", "R\R.csproj", "{AD4991C3-D01A-49AA-9C36-5E189F8DCA08}"
EndProject
Global
	GlobalSection(SolutionConfigurationPlatforms) = preSolution
		Debug|Any CPU = Debug|Any CPU
		Release|Any CPU = Release|Any CPU
	EndGlobalSection
	GlobalSection(ProjectConfigurationPlatforms) = postSolution
		{C716E08C-2496-4E1F-A527-4B479A05DE70}.Debug|Any CPU.ActiveCfg = Debug|Any CPU
		{C716E08C-2496-4E1F-A527-4B479A05DE70}.Debug|Any CPU.Build.0 = Debug|Any CPU
		{C716E08C-2496-4E1F-A527-4B479A05DE70}.Release|Any CPU.ActiveCfg = Release|Any CPU
		{C716E08C-2496-4E1F-A527-4B479A05DE70}.Release|Any CPU.Build.0 = Release|Any CPU
		{AD4991C3-D01A-49AA-9C36-5E189F8DCA08}.Debug|Any CPU.ActiveCfg = Debug|Any CPU
		{AD4991C3-D01A-49AA-9C36-5E189F8DCA08}.Debug|Any CPU.Build.0 = Debug|Any CPU
		{AD4991C3-D01A-49AA-9C36-5E189F8DCA08}.Release|Any CPU.ActiveCfg = Release|Any CPU
		{AD4991C3-D01A-49AA-9C36-5E189F8DCA08}.Release|Any CPU.Build.0 = Release|Any CPU
	EndGlobalSection
	GlobalSection(SolutionProperties) = preSolution
		HideSolutionNode = FALSE
	EndGlobalSection
	GlobalSection(ExtensibilityGlobals) = postSolution
		SolutionGuid = {59729C52-44E2-4F05-BA5E-47DFD28873D3}
	EndGlobalSection
EndGlobal
